// !$*UTF8*$!
{
	archiveVersion = 1;
	classes = {
	};
	objectVersion = 50;
	objects = {

/* Begin PBXBuildFile section */
		1CEBAA3622A9039200D4A1EB /* AppDelegate.swift in Sources */ = {isa = PBXBuildFile; fileRef = 1CEBAA3522A9039200D4A1EB /* AppDelegate.swift */; };
		1CEBAA3822A9039200D4A1EB /* ViewController.swift in Sources */ = {isa = PBXBuildFile; fileRef = 1CEBAA3722A9039200D4A1EB /* ViewController.swift */; };
		1CEBAA3B22A9039200D4A1EB /* Main.storyboard in Resources */ = {isa = PBXBuildFile; fileRef = 1CEBAA3922A9039200D4A1EB /* Main.storyboard */; };
		1CEBAA3E22A9039200D4A1EB /* VideoTest.xcdatamodeld in Sources */ = {isa = PBXBuildFile; fileRef = 1CEBAA3C22A9039200D4A1EB /* VideoTest.xcdatamodeld */; };
		1CEBAA4022A9039300D4A1EB /* Assets.xcassets in Resources */ = {isa = PBXBuildFile; fileRef = 1CEBAA3F22A9039300D4A1EB /* Assets.xcassets */; };
		1CEBAA4322A9039300D4A1EB /* LaunchScreen.storyboard in Resources */ = {isa = PBXBuildFile; fileRef = 1CEBAA4122A9039300D4A1EB /* LaunchScreen.storyboard */; };
		1CEBAA4B22A9042A00D4A1EB /* VideoPicker.storyboard in Resources */ = {isa = PBXBuildFile; fileRef = 1CEBAA4A22A9042A00D4A1EB /* VideoPicker.storyboard */; };
		1CEBAA4D22A9056100D4A1EB /* CollectionViewController.swift in Sources */ = {isa = PBXBuildFile; fileRef = 1CEBAA4C22A9056100D4A1EB /* CollectionViewController.swift */; };
		1CEBAA4F22A9065700D4A1EB /* CollectionViewCell.swift in Sources */ = {isa = PBXBuildFile; fileRef = 1CEBAA4E22A9065600D4A1EB /* CollectionViewCell.swift */; };
/* End PBXBuildFile section */

/* Begin PBXFileReference section */
		1CEBAA3222A9039200D4A1EB /* VideoTest.app */ = {isa = PBXFileReference; explicitFileType = wrapper.application; includeInIndex = 0; path = VideoTest.app; sourceTree = BUILT_PRODUCTS_DIR; };
		1CEBAA3522A9039200D4A1EB /* AppDelegate.swift */ = {isa = PBXFileReference; lastKnownFileType = sourcecode.swift; path = AppDelegate.swift; sourceTree = "<group>"; };
		1CEBAA3722A9039200D4A1EB /* ViewController.swift */ = {isa = PBXFileReference; lastKnownFileType = sourcecode.swift; path = ViewController.swift; sourceTree = "<group>"; };
		1CEBAA3A22A9039200D4A1EB /* Base */ = {isa = PBXFileReference; lastKnownFileType = file.storyboard; name = Base; path = Base.lproj/Main.storyboard; sourceTree = "<group>"; };
		1CEBAA3D22A9039200D4A1EB /* VideoTest.xcdatamodel */ = {isa = PBXFileReference; lastKnownFileType = wrapper.xcdatamodel; path = VideoTest.xcdatamodel; sourceTree = "<group>"; };
		1CEBAA3F22A9039300D4A1EB /* Assets.xcassets */ = {isa = PBXFileReference; lastKnownFileType = folder.assetcatalog; path = Assets.xcassets; sourceTree = "<group>"; };
		1CEBAA4222A9039300D4A1EB /* Base */ = {isa = PBXFileReference; lastKnownFileType = file.storyboard; name = Base; path = Base.lproj/LaunchScreen.storyboard; sourceTree = "<group>"; };
		1CEBAA4422A9039300D4A1EB /* Info.plist */ = {isa = PBXFileReference; lastKnownFileType = text.plist.xml; path = Info.plist; sourceTree = "<group>"; };
		1CEBAA4A22A9042A00D4A1EB /* VideoPicker.storyboard */ = {isa = PBXFileReference; lastKnownFileType = file.storyboard; path = VideoPicker.storyboard; sourceTree = "<group>"; };
		1CEBAA4C22A9056100D4A1EB /* CollectionViewController.swift */ = {isa = PBXFileReference; lastKnownFileType = sourcecode.swift; path = CollectionViewController.swift; sourceTree = "<group>"; };
		1CEBAA4E22A9065600D4A1EB /* CollectionViewCell.swift */ = {isa = PBXFileReference; lastKnownFileType = sourcecode.swift; path = CollectionViewCell.swift; sourceTree = "<group>"; };
		EB8EC1CD22A9289F00ABA0E9 /* ru */ = {isa = PBXFileReference; lastKnownFileType = text.plist.strings; name = ru; path = ru.lproj/Main.strings; sourceTree = "<group>"; };
		EB8EC1CE22A928A000ABA0E9 /* ru */ = {isa = PBXFileReference; lastKnownFileType = text.plist.strings; name = ru; path = ru.lproj/LaunchScreen.strings; sourceTree = "<group>"; };
/* End PBXFileReference section */

/* Begin PBXFrameworksBuildPhase section */
		1CEBAA2F22A9039200D4A1EB /* Frameworks */ = {
			isa = PBXFrameworksBuildPhase;
			buildActionMask = 2147483647;
			files = (
			);
			runOnlyForDeploymentPostprocessing = 0;
		};
/* End PBXFrameworksBuildPhase section */

/* Begin PBXGroup section */
		1CEBAA2922A9039200D4A1EB = {
			isa = PBXGroup;
			children = (
				1CEBAA3422A9039200D4A1EB /* VideoTest */,
				1CEBAA3322A9039200D4A1EB /* Products */,
			);
			sourceTree = "<group>";
		};
		1CEBAA3322A9039200D4A1EB /* Products */ = {
			isa = PBXGroup;
			children = (
				1CEBAA3222A9039200D4A1EB /* VideoTest.app */,
			);
			name = Products;
			sourceTree = "<group>";
		};
		1CEBAA3422A9039200D4A1EB /* VideoTest */ = {
			isa = PBXGroup;
			children = (
				1CEBAA3522A9039200D4A1EB /* AppDelegate.swift */,
				1CEBAA3722A9039200D4A1EB /* ViewController.swift */,
				1CEBAA3922A9039200D4A1EB /* Main.storyboard */,
				1CEBAA4A22A9042A00D4A1EB /* VideoPicker.storyboard */,
				1CEBAA4C22A9056100D4A1EB /* CollectionViewController.swift */,
				1CEBAA4E22A9065600D4A1EB /* CollectionViewCell.swift */,
				1CEBAA3F22A9039300D4A1EB /* Assets.xcassets */,
				1CEBAA4122A9039300D4A1EB /* LaunchScreen.storyboard */,
				1CEBAA4422A9039300D4A1EB /* Info.plist */,
				1CEBAA3C22A9039200D4A1EB /* VideoTest.xcdatamodeld */,
			);
			path = VideoTest;
			sourceTree = "<group>";
		};
/* End PBXGroup section */

/* Begin PBXNativeTarget section */
		1CEBAA3122A9039200D4A1EB /* VideoTest */ = {
			isa = PBXNativeTarget;
			buildConfigurationList = 1CEBAA4722A9039300D4A1EB /* Build configuration list for PBXNativeTarget "VideoTest" */;
			buildPhases = (
				1CEBAA2E22A9039200D4A1EB /* Sources */,
				1CEBAA2F22A9039200D4A1EB /* Frameworks */,
				1CEBAA3022A9039200D4A1EB /* Resources */,
			);
			buildRules = (
			);
			dependencies = (
			);
			name = VideoTest;
			productName = VideoTest;
			productReference = 1CEBAA3222A9039200D4A1EB /* VideoTest.app */;
			productType = "com.apple.product-type.application";
		};
/* End PBXNativeTarget section */

/* Begin PBXProject section */
		1CEBAA2A22A9039200D4A1EB /* Project object */ = {
			isa = PBXProject;
			attributes = {
				LastSwiftUpdateCheck = 1020;
				LastUpgradeCheck = 1020;
				ORGANIZATIONNAME = "Krevetka Vsoyse";
				TargetAttributes = {
					1CEBAA3122A9039200D4A1EB = {
						CreatedOnToolsVersion = 10.2.1;
					};
				};
			};
			buildConfigurationList = 1CEBAA2D22A9039200D4A1EB /* Build configuration list for PBXProject "VideoTest" */;
			compatibilityVersion = "Xcode 9.3";
			developmentRegion = en;
			hasScannedForEncodings = 0;
			knownRegions = (
				en,
				Base,
			);
			mainGroup = 1CEBAA2922A9039200D4A1EB;
			productRefGroup = 1CEBAA3322A9039200D4A1EB /* Products */;
			projectDirPath = "";
			projectRoot = "";
			targets = (
				1CEBAA3122A9039200D4A1EB /* VideoTest */,
			);
		};
/* End PBXProject section */

/* Begin PBXResourcesBuildPhase section */
		1CEBAA3022A9039200D4A1EB /* Resources */ = {
			isa = PBXResourcesBuildPhase;
			buildActionMask = 2147483647;
			files = (
				1CEBAA4322A9039300D4A1EB /* LaunchScreen.storyboard in Resources */,
				1CEBAA4022A9039300D4A1EB /* Assets.xcassets in Resources */,
				1CEBAA4B22A9042A00D4A1EB /* VideoPicker.storyboard in Resources */,
				1CEBAA3B22A9039200D4A1EB /* Main.storyboard in Resources */,
			);
			runOnlyForDeploymentPostprocessing = 0;
		};
/* End PBXResourcesBuildPhase section */

/* Begin PBXSourcesBuildPhase section */
		1CEBAA2E22A9039200D4A1EB /* Sources */ = {
			isa = PBXSourcesBuildPhase;
			buildActionMask = 2147483647;
			files = (
				1CEBAA4F22A9065700D4A1EB /* CollectionViewCell.swift in Sources */,
				1CEBAA4D22A9056100D4A1EB /* CollectionViewController.swift in Sources */,
				1CEBAA3E22A9039200D4A1EB /* VideoTest.xcdatamodeld in Sources */,
				1CEBAA3822A9039200D4A1EB /* ViewController.swift in Sources */,
				1CEBAA3622A9039200D4A1EB /* AppDelegate.swift in Sources */,
			);
			runOnlyForDeploymentPostprocessing = 0;
		};
/* End PBXSourcesBuildPhase section */

/* Begin PBXVariantGroup section */
		1CEBAA3922A9039200D4A1EB /* Main.storyboard */ = {
			isa = PBXVariantGroup;
			children = (
				1CEBAA3A22A9039200D4A1EB /* Base */,
				EB8EC1CD22A9289F00ABA0E9 /* ru */,
			);
			name = Main.storyboard;
			sourceTree = "<group>";
		};
		1CEBAA4122A9039300D4A1EB /* LaunchScreen.storyboard */ = {
			isa = PBXVariantGroup;
			children = (
				1CEBAA4222A9039300D4A1EB /* Base */,
				EB8EC1CE22A928A000ABA0E9 /* ru */,
			);
			name = LaunchScreen.storyboard;
			sourceTree = "<group>";
		};
/* End PBXVariantGroup section */

/* Begin XCBuildConfiguration section */
		1CEBAA4522A9039300D4A1EB /* Debug */ = {
			isa = XCBuildConfiguration;
			buildSettings = {
				ALWAYS_SEARCH_USER_PATHS = NO;
				CLANG_ANALYZER_LOCALIZABILITY_NONLOCALIZED = YES;
				CLANG_ANALYZER_NONNULL = YES;
				CLANG_ANALYZER_NUMBER_OBJECT_CONVERSION = YES_AGGRESSIVE;
				CLANG_CXX_LANGUAGE_STANDARD = "gnu++14";
				CLANG_CXX_LIBRARY = "libc++";
				CLANG_ENABLE_MODULES = YES;
				CLANG_ENABLE_OBJC_ARC = YES;
				CLANG_ENABLE_OBJC_WEAK = YES;
				CLANG_WARN_BLOCK_CAPTURE_AUTORELEASING = YES;
				CLANG_WARN_BOOL_CONVERSION = YES;
				CLANG_WARN_COMMA = YES;
				CLANG_WARN_CONSTANT_CONVERSION = YES;
				CLANG_WARN_DEPRECATED_OBJC_IMPLEMENTATIONS = YES;
				CLANG_WARN_DIRECT_OBJC_ISA_USAGE = YES_ERROR;
				CLANG_WARN_DOCUMENTATION_COMMENTS = YES;
				CLANG_WARN_EMPTY_BODY = YES;
				CLANG_WARN_ENUM_CONVERSION = YES;
				CLANG_WARN_INFINITE_RECURSION = YES;
				CLANG_WARN_INT_CONVERSION = YES;
				CLANG_WARN_NON_LITERAL_NULL_CONVERSION = YES;
				CLANG_WARN_OBJC_IMPLICIT_RETAIN_SELF = YES;
				CLANG_WARN_OBJC_LITERAL_CONVERSION = YES;
				CLANG_WARN_OBJC_ROOT_CLASS = YES_ERROR;
				CLANG_WARN_RANGE_LOOP_ANALYSIS = YES;
				CLANG_WARN_STRICT_PROTOTYPES = YES;
				CLANG_WARN_SUSPICIOUS_MOVE = YES;
				CLANG_WARN_UNGUARDED_AVAILABILITY = YES_AGGRESSIVE;
				CLANG_WARN_UNREACHABLE_CODE = YES;
				CLANG_WARN__DUPLICATE_METHOD_MATCH = YES;
				CODE_SIGN_IDENTITY = "iPhone Developer";
				COPY_PHASE_STRIP = NO;
				DEBUG_INFORMATION_FORMAT = dwarf;
				ENABLE_STRICT_OBJC_MSGSEND = YES;
				ENABLE_TESTABILITY = YES;
				GCC_C_LANGUAGE_STANDARD = gnu11;
				GCC_DYNAMIC_NO_PIC = NO;
				GCC_NO_COMMON_BLOCKS = YES;
				GCC_OPTIMIZATION_LEVEL = 0;
				GCC_PREPROCESSOR_DEFINITIONS = (
					"DEBUG=1",
					"$(inherited)",
				);
				GCC_WARN_64_TO_32_BIT_CONVERSION = YES;
				GCC_WARN_ABOUT_RETURN_TYPE = YES_ERROR;
				GCC_WARN_UNDECLARED_SELECTOR = YES;
				GCC_WARN_UNINITIALIZED_AUTOS = YES_AGGRESSIVE;
				GCC_WARN_UNUSED_FUNCTION = YES;
				GCC_WARN_UNUSED_VARIABLE = YES;
				IPHONEOS_DEPLOYMENT_TARGET = 12.2;
				MTL_ENABLE_DEBUG_INFO = INCLUDE_SOURCE;
				MTL_FAST_MATH = YES;
				ONLY_ACTIVE_ARCH = YES;
				SDKROOT = iphoneos;
				SWIFT_ACTIVE_COMPILATION_CONDITIONS = DEBUG;
				SWIFT_OPTIMIZATION_LEVEL = "-Onone";
			};
			name = Debug;
		};
		1CEBAA4622A9039300D4A1EB /* Release */ = {
			isa = XCBuildConfiguration;
			buildSettings = {
				ALWAYS_SEARCH_USER_PATHS = NO;
				CLANG_ANALYZER_LOCALIZABILITY_NONLOCALIZED = YES;
				CLANG_ANALYZER_NONNULL = YES;
				CLANG_ANALYZER_NUMBER_OBJECT_CONVERSION = YES_AGGRESSIVE;
				CLANG_CXX_LANGUAGE_STANDARD = "gnu++14";
				CLANG_CXX_LIBRARY = "libc++";
				CLANG_ENABLE_MODULES = YES;
				CLANG_ENABLE_OBJC_ARC = YES;
				CLANG_ENABLE_OBJC_WEAK = YES;
				CLANG_WARN_BLOCK_CAPTURE_AUTORELEASING = YES;
				CLANG_WARN_BOOL_CONVERSION = YES;
				CLANG_WARN_COMMA = YES;
				CLANG_WARN_CONSTANT_CONVERSION = YES;
				CLANG_WARN_DEPRECATED_OBJC_IMPLEMENTATIONS = YES;
				CLANG_WARN_DIRECT_OBJC_ISA_USAGE = YES_ERROR;
				CLANG_WARN_DOCUMENTATION_COMMENTS = YES;
				CLANG_WARN_EMPTY_BODY = YES;
				CLANG_WARN_ENUM_CONVERSION = YES;
				CLANG_WARN_INFINITE_RECURSION = YES;
				CLANG_WARN_INT_CONVERSION = YES;
				CLANG_WARN_NON_LITERAL_NULL_CONVERSION = YES;
				CLANG_WARN_OBJC_IMPLICIT_RETAIN_SELF = YES;
				CLANG_WARN_OBJC_LITERAL_CONVERSION = YES;
				CLANG_WARN_OBJC_ROOT_CLASS = YES_ERROR;
				CLANG_WARN_RANGE_LOOP_ANALYSIS = YES;
				CLANG_WARN_STRICT_PROTOTYPES = YES;
				CLANG_WARN_SUSPICIOUS_MOVE = YES;
				CLANG_WARN_UNGUARDED_AVAILABILITY = YES_AGGRESSIVE;
				CLANG_WARN_UNREACHABLE_CODE = YES;
				CLANG_WARN__DUPLICATE_METHOD_MATCH = YES;
				CODE_SIGN_IDENTITY = "iPhone Developer";
				COPY_PHASE_STRIP = NO;
				DEBUG_INFORMATION_FORMAT = "dwarf-with-dsym";
				ENABLE_NS_ASSERTIONS = NO;
				ENABLE_STRICT_OBJC_MSGSEND = YES;
				GCC_C_LANGUAGE_STANDARD = gnu11;
				GCC_NO_COMMON_BLOCKS = YES;
				GCC_WARN_64_TO_32_BIT_CONVERSION = YES;
				GCC_WARN_ABOUT_RETURN_TYPE = YES_ERROR;
				GCC_WARN_UNDECLARED_SELECTOR = YES;
				GCC_WARN_UNINITIALIZED_AUTOS = YES_AGGRESSIVE;
				GCC_WARN_UNUSED_FUNCTION = YES;
				GCC_WARN_UNUSED_VARIABLE = YES;
				IPHONEOS_DEPLOYMENT_TARGET = 12.2;
				MTL_ENABLE_DEBUG_INFO = NO;
				MTL_FAST_MATH = YES;
				SDKROOT = iphoneos;
				SWIFT_COMPILATION_MODE = wholemodule;
				SWIFT_OPTIMIZATION_LEVEL = "-O";
				VALIDATE_PRODUCT = YES;
			};
			name = Release;
		};
		1CEBAA4822A9039300D4A1EB /* Debug */ = {
			isa = XCBuildConfiguration;
			buildSettings = {
				ASSETCATALOG_COMPILER_APPICON_NAME = AppIcon;
				CODE_SIGN_STYLE = Automatic;
				DEVELOPMENT_TEAM = 5F5Q32MRK6;
				INFOPLIST_FILE = VideoTest/Info.plist;
				IPHONEOS_DEPLOYMENT_TARGET = 12.0;
				LD_RUNPATH_SEARCH_PATHS = (
					"$(inherited)",
					"@executable_path/Frameworks",
				);
				PRODUCT_BUNDLE_IDENTIFIER = AlTitovDev.VideoTest;
				PRODUCT_NAME = "$(TARGET_NAME)";
				SWIFT_VERSION = 4.2;
				TARGETED_DEVICE_FAMILY = "1,2";
			};
			name = Debug;
		};
		1CEBAA4922A9039300D4A1EB /* Release */ = {
			isa = XCBuildConfiguration;
			buildSettings = {
				ASSETCATALOG_COMPILER_APPICON_NAME = AppIcon;
				CODE_SIGN_STYLE = Automatic;
				DEVELOPMENT_TEAM = 5F5Q32MRK6;
				INFOPLIST_FILE = VideoTest/Info.plist;
				IPHONEOS_DEPLOYMENT_TARGET = 12.0;
				LD_RUNPATH_SEARCH_PATHS = (
					"$(inherited)",
					"@executable_path/Frameworks",
				);
				PRODUCT_BUNDLE_IDENTIFIER = AlTitovDev.VideoTest;
				PRODUCT_NAME = "$(TARGET_NAME)";
				SWIFT_VERSION = 4.2;
				TARGETED_DEVICE_FAMILY = "1,2";
			};
			name = Release;
		};
/* End XCBuildConfiguration section */

/* Begin XCConfigurationList section */
		1CEBAA2D22A9039200D4A1EB /* Build configuration list for PBXProject "VideoTest" */ = {
			isa = XCConfigurationList;
			buildConfigurations = (
				1CEBAA4522A9039300D4A1EB /* Debug */,
				1CEBAA4622A9039300D4A1EB /* Release */,
			);
			defaultConfigurationIsVisible = 0;
			defaultConfigurationName = Release;
		};
		1CEBAA4722A9039300D4A1EB /* Build configuration list for PBXNativeTarget "VideoTest" */ = {
			isa = XCConfigurationList;
			buildConfigurations = (
				1CEBAA4822A9039300D4A1EB /* Debug */,
				1CEBAA4922A9039300D4A1EB /* Release */,
			);
			defaultConfigurationIsVisible = 0;
			defaultConfigurationName = Release;
		};
/* End XCConfigurationList section */

/* Begin XCVersionGroup section */
		1CEBAA3C22A9039200D4A1EB /* VideoTest.xcdatamodeld */ = {
			isa = XCVersionGroup;
			children = (
				1CEBAA3D22A9039200D4A1EB /* VideoTest.xcdatamodel */,
			);
			currentVersion = 1CEBAA3D22A9039200D4A1EB /* VideoTest.xcdatamodel */;
			path = VideoTest.xcdatamodeld;
			sourceTree = "<group>";
			versionGroupType = wrapper.xcdatamodel;
		};
/* End XCVersionGroup section */
	};
	rootObject = 1CEBAA2A22A9039200D4A1EB /* Project object */;
}
